
Microsoft Visual Studio Solution File, Format Version 12.00
# Visual Studio Version 16
VisualStudioVersion = 16.0.30413.136
MinimumVisualStudioVersion = 15.0.26124.0
Project("{9A19103F-16F7-4668-BE54-9A1E7A4F7556}") = "TrenDAP", "TrenDAP\TrenDAP.csproj", "{47E7157A-B69C-4F6D-896D-4FC4CE42822A}"
EndProject
Project("{2150E333-8FDC-42A3-9474-1A3956D46DE8}") = "Data", "Data", "{D8E29E84-4B17-4C30-B70C-3809E4165009}"
	ProjectSection(SolutionItems) = preProject
		TrenDAP.sql = TrenDAP.sql
	EndProjectSection
EndProject
Project("{FAE04EC0-301F-11D3-BF4B-00C04F79EFBC}") = "HIDS", "HIDS\HIDS.csproj", "{3B380345-463B-40E3-8A4B-AD53076BD2BB}"
EndProject
Project("{FAE04EC0-301F-11D3-BF4B-00C04F79EFBC}") = "HIDSTests", "HIDSTests\HIDSTests.csproj", "{68D2B6EE-4ABA-461A-BEAE-0D7E9BBC4D9B}"
EndProject
Project("{2150E333-8FDC-42A3-9474-1A3956D46DE8}") = "HIDS API", "HIDS API", "{B944F07F-0926-4BC9-90B0-AE8E14180200}"
EndProject
Project("{FAE04EC0-301F-11D3-BF4B-00C04F79EFBC}") = "TrenDAPClient", "TrenDAPClient\TrenDAPClient.csproj", "{E40060D3-F243-4890-86E9-4BA24257BBBF}"
EndProject
Global
	GlobalSection(SolutionConfigurationPlatforms) = preSolution
		Debug|Any CPU = Debug|Any CPU
		Debug|x64 = Debug|x64
		Debug|x86 = Debug|x86
		Release|Any CPU = Release|Any CPU
		Release|x64 = Release|x64
		Release|x86 = Release|x86
	EndGlobalSection
	GlobalSection(ProjectConfigurationPlatforms) = postSolution
		{47E7157A-B69C-4F6D-896D-4FC4CE42822A}.Debug|Any CPU.ActiveCfg = Debug|Any CPU
		{47E7157A-B69C-4F6D-896D-4FC4CE42822A}.Debug|Any CPU.Build.0 = Debug|Any CPU
		{47E7157A-B69C-4F6D-896D-4FC4CE42822A}.Debug|x64.ActiveCfg = Debug|Any CPU
		{47E7157A-B69C-4F6D-896D-4FC4CE42822A}.Debug|x64.Build.0 = Debug|Any CPU
		{47E7157A-B69C-4F6D-896D-4FC4CE42822A}.Debug|x86.ActiveCfg = Debug|Any CPU
		{47E7157A-B69C-4F6D-896D-4FC4CE42822A}.Debug|x86.Build.0 = Debug|Any CPU
		{47E7157A-B69C-4F6D-896D-4FC4CE42822A}.Release|Any CPU.ActiveCfg = Release|Any CPU
		{47E7157A-B69C-4F6D-896D-4FC4CE42822A}.Release|Any CPU.Build.0 = Release|Any CPU
		{47E7157A-B69C-4F6D-896D-4FC4CE42822A}.Release|x64.ActiveCfg = Release|Any CPU
		{47E7157A-B69C-4F6D-896D-4FC4CE42822A}.Release|x64.Build.0 = Release|Any CPU
		{47E7157A-B69C-4F6D-896D-4FC4CE42822A}.Release|x86.ActiveCfg = Release|Any CPU
		{47E7157A-B69C-4F6D-896D-4FC4CE42822A}.Release|x86.Build.0 = Release|Any CPU
		{3B380345-463B-40E3-8A4B-AD53076BD2BB}.Debug|Any CPU.ActiveCfg = Debug|Any CPU
		{3B380345-463B-40E3-8A4B-AD53076BD2BB}.Debug|Any CPU.Build.0 = Debug|Any CPU
		{3B380345-463B-40E3-8A4B-AD53076BD2BB}.Debug|x64.ActiveCfg = Debug|Any CPU
		{3B380345-463B-40E3-8A4B-AD53076BD2BB}.Debug|x64.Build.0 = Debug|Any CPU
		{3B380345-463B-40E3-8A4B-AD53076BD2BB}.Debug|x86.ActiveCfg = Debug|Any CPU
		{3B380345-463B-40E3-8A4B-AD53076BD2BB}.Debug|x86.Build.0 = Debug|Any CPU
		{3B380345-463B-40E3-8A4B-AD53076BD2BB}.Release|Any CPU.ActiveCfg = Release|Any CPU
		{3B380345-463B-40E3-8A4B-AD53076BD2BB}.Release|Any CPU.Build.0 = Release|Any CPU
		{3B380345-463B-40E3-8A4B-AD53076BD2BB}.Release|x64.ActiveCfg = Release|Any CPU
		{3B380345-463B-40E3-8A4B-AD53076BD2BB}.Release|x64.Build.0 = Release|Any CPU
		{3B380345-463B-40E3-8A4B-AD53076BD2BB}.Release|x86.ActiveCfg = Release|Any CPU
		{3B380345-463B-40E3-8A4B-AD53076BD2BB}.Release|x86.Build.0 = Release|Any CPU
		{68D2B6EE-4ABA-461A-BEAE-0D7E9BBC4D9B}.Debug|Any CPU.ActiveCfg = Debug|Any CPU
		{68D2B6EE-4ABA-461A-BEAE-0D7E9BBC4D9B}.Debug|Any CPU.Build.0 = Debug|Any CPU
		{68D2B6EE-4ABA-461A-BEAE-0D7E9BBC4D9B}.Debug|x64.ActiveCfg = Debug|Any CPU
		{68D2B6EE-4ABA-461A-BEAE-0D7E9BBC4D9B}.Debug|x64.Build.0 = Debug|Any CPU
		{68D2B6EE-4ABA-461A-BEAE-0D7E9BBC4D9B}.Debug|x86.ActiveCfg = Debug|Any CPU
		{68D2B6EE-4ABA-461A-BEAE-0D7E9BBC4D9B}.Debug|x86.Build.0 = Debug|Any CPU
		{68D2B6EE-4ABA-461A-BEAE-0D7E9BBC4D9B}.Release|Any CPU.ActiveCfg = Release|Any CPU
		{68D2B6EE-4ABA-461A-BEAE-0D7E9BBC4D9B}.Release|Any CPU.Build.0 = Release|Any CPU
		{68D2B6EE-4ABA-461A-BEAE-0D7E9BBC4D9B}.Release|x64.ActiveCfg = Release|Any CPU
		{68D2B6EE-4ABA-461A-BEAE-0D7E9BBC4D9B}.Release|x64.Build.0 = Release|Any CPU
		{68D2B6EE-4ABA-461A-BEAE-0D7E9BBC4D9B}.Release|x86.ActiveCfg = Release|Any CPU
		{68D2B6EE-4ABA-461A-BEAE-0D7E9BBC4D9B}.Release|x86.Build.0 = Release|Any CPU
		{E40060D3-F243-4890-86E9-4BA24257BBBF}.Debug|Any CPU.ActiveCfg = Debug|Any CPU
		{E40060D3-F243-4890-86E9-4BA24257BBBF}.Debug|Any CPU.Build.0 = Debug|Any CPU
		{E40060D3-F243-4890-86E9-4BA24257BBBF}.Debug|x64.ActiveCfg = Debug|Any CPU
		{E40060D3-F243-4890-86E9-4BA24257BBBF}.Debug|x64.Build.0 = Debug|Any CPU
		{E40060D3-F243-4890-86E9-4BA24257BBBF}.Debug|x86.ActiveCfg = Debug|Any CPU
		{E40060D3-F243-4890-86E9-4BA24257BBBF}.Debug|x86.Build.0 = Debug|Any CPU
		{E40060D3-F243-4890-86E9-4BA24257BBBF}.Release|Any CPU.ActiveCfg = Release|Any CPU
		{E40060D3-F243-4890-86E9-4BA24257BBBF}.Release|Any CPU.Build.0 = Release|Any CPU
		{E40060D3-F243-4890-86E9-4BA24257BBBF}.Release|x64.ActiveCfg = Release|Any CPU
		{E40060D3-F243-4890-86E9-4BA24257BBBF}.Release|x64.Build.0 = Release|Any CPU
		{E40060D3-F243-4890-86E9-4BA24257BBBF}.Release|x86.ActiveCfg = Release|Any CPU
		{E40060D3-F243-4890-86E9-4BA24257BBBF}.Release|x86.Build.0 = Release|Any CPU
	EndGlobalSection
	GlobalSection(SolutionProperties) = preSolution
		HideSolutionNode = FALSE
	EndGlobalSection
	GlobalSection(NestedProjects) = preSolution
		{3B380345-463B-40E3-8A4B-AD53076BD2BB} = {B944F07F-0926-4BC9-90B0-AE8E14180200}
		{68D2B6EE-4ABA-461A-BEAE-0D7E9BBC4D9B} = {B944F07F-0926-4BC9-90B0-AE8E14180200}
	EndGlobalSection
	GlobalSection(ExtensibilityGlobals) = postSolution
		SolutionGuid = {8FB942EB-07FF-4632-AEA5-23E235887AB0}
	EndGlobalSection
EndGlobal
