
Microsoft Visual Studio Solution File, Format Version 12.00
# Visual Studio Version 16
VisualStudioVersion = 16.0.30413.136
MinimumVisualStudioVersion = 15.0.26124.0
Project("{9A19103F-16F7-4668-BE54-9A1E7A4F7556}") = "TrenDAP", "TrenDAP\TrenDAP.csproj", "{47E7157A-B69C-4F6D-896D-4FC4CE42822A}"
EndProject
Project("{2150E333-8FDC-42A3-9474-1A3956D46DE8}") = "Data", "Data", "{D8E29E84-4B17-4C30-B70C-3809E4165009}"
	ProjectSection(SolutionItems) = preProject
		TrenDAP.sql = TrenDAP.sql
	EndProjectSection
EndProject
Global
	GlobalSection(SolutionConfigurationPlatforms) = preSolution
		Debug|Any CPU = Debug|Any CPU
		Debug|x64 = Debug|x64
		Debug|x86 = Debug|x86
		Release|Any CPU = Release|Any CPU
		Release|x64 = Release|x64
		Release|x86 = Release|x86
	EndGlobalSection
	GlobalSection(ProjectConfigurationPlatforms) = postSolution
		{47E7157A-B69C-4F6D-896D-4FC4CE42822A}.Debug|Any CPU.ActiveCfg = Debug|Any CPU
		{47E7157A-B69C-4F6D-896D-4FC4CE42822A}.Debug|Any CPU.Build.0 = Debug|Any CPU
		{47E7157A-B69C-4F6D-896D-4FC4CE42822A}.Debug|x64.ActiveCfg = Debug|Any CPU
		{47E7157A-B69C-4F6D-896D-4FC4CE42822A}.Debug|x64.Build.0 = Debug|Any CPU
		{47E7157A-B69C-4F6D-896D-4FC4CE42822A}.Debug|x86.ActiveCfg = Debug|Any CPU
		{47E7157A-B69C-4F6D-896D-4FC4CE42822A}.Debug|x86.Build.0 = Debug|Any CPU
		{47E7157A-B69C-4F6D-896D-4FC4CE42822A}.Release|Any CPU.ActiveCfg = Release|Any CPU
		{47E7157A-B69C-4F6D-896D-4FC4CE42822A}.Release|Any CPU.Build.0 = Release|Any CPU
		{47E7157A-B69C-4F6D-896D-4FC4CE42822A}.Release|x64.ActiveCfg = Release|Any CPU
		{47E7157A-B69C-4F6D-896D-4FC4CE42822A}.Release|x64.Build.0 = Release|Any CPU
		{47E7157A-B69C-4F6D-896D-4FC4CE42822A}.Release|x86.ActiveCfg = Release|Any CPU
		{47E7157A-B69C-4F6D-896D-4FC4CE42822A}.Release|x86.Build.0 = Release|Any CPU
	EndGlobalSection
	GlobalSection(SolutionProperties) = preSolution
		HideSolutionNode = FALSE
	EndGlobalSection
	GlobalSection(ExtensibilityGlobals) = postSolution
		SolutionGuid = {8FB942EB-07FF-4632-AEA5-23E235887AB0}
	EndGlobalSection
EndGlobal
